
Microsoft Visual Studio Solution File, Format Version 12.00
# Visual Studio Version 17
VisualStudioVersion = 17.9.34622.214
MinimumVisualStudioVersion = 10.0.40219.1
Project("{FAE04EC0-301F-11D3-BF4B-00C04F79EFBC}") = "WpfApp1", "WpfApp1\WpfApp1.csproj", "{22122AD3-91B3-4813-817E-8179BBE4D231}"
EndProject
Global
	GlobalSection(SolutionConfigurationPlatforms) = preSolution
		Debug|Any CPU = Debug|Any CPU
		Release|Any CPU = Release|Any CPU
	EndGlobalSection
	GlobalSection(ProjectConfigurationPlatforms) = postSolution
		{22122AD3-91B3-4813-817E-8179BBE4D231}.Debug|Any CPU.ActiveCfg = Debug|Any CPU
		{22122AD3-91B3-4813-817E-8179BBE4D231}.Debug|Any CPU.Build.0 = Debug|Any CPU
		{22122AD3-91B3-4813-817E-8179BBE4D231}.Release|Any CPU.ActiveCfg = Release|Any CPU
		{22122AD3-91B3-4813-817E-8179BBE4D231}.Release|Any CPU.Build.0 = Release|Any CPU
	EndGlobalSection
	GlobalSection(SolutionProperties) = preSolution
		HideSolutionNode = FALSE
	EndGlobalSection
	GlobalSection(ExtensibilityGlobals) = postSolution
		SolutionGuid = {3429BA8E-D0F2-4225-A1B3-E353C0270C13}
	EndGlobalSection
EndGlobal
